// !$*UTF8*$!
{
	archiveVersion = 1;
	classes = {
	};
	objectVersion = 46;
	objects = {

/* Begin PBXBuildFile section */
		C569691B1EFF88DA00EE69E8 /* Assets.xcassets in Resources */ = {isa = PBXBuildFile; fileRef = C569691A1EFF88DA00EE69E8 /* Assets.xcassets */; };
		C5A503F01EFF5E4700897085 /* AppDelegate.swift in Sources */ = {isa = PBXBuildFile; fileRef = C5A503EF1EFF5E4700897085 /* AppDelegate.swift */; };
		C5A503F21EFF5E4700897085 /* ViewController.swift in Sources */ = {isa = PBXBuildFile; fileRef = C5A503F11EFF5E4700897085 /* ViewController.swift */; };
		C5A503F51EFF5E4700897085 /* Main.storyboard in Resources */ = {isa = PBXBuildFile; fileRef = C5A503F31EFF5E4700897085 /* Main.storyboard */; };
		C5A503F71EFF5E4700897085 /* Assets.xcassets in Resources */ = {isa = PBXBuildFile; fileRef = C5A503F61EFF5E4700897085 /* Assets.xcassets */; };
		C5A503FA1EFF5E4700897085 /* LaunchScreen.storyboard in Resources */ = {isa = PBXBuildFile; fileRef = C5A503F81EFF5E4700897085 /* LaunchScreen.storyboard */; };
		C5A504021EFF5F3C00897085 /* spectacles-1.mp4 in Resources */ = {isa = PBXBuildFile; fileRef = C5A504011EFF5F3C00897085 /* spectacles-1.mp4 */; };
		C5A504291EFF7CC800897085 /* ActionViewController.swift in Sources */ = {isa = PBXBuildFile; fileRef = C5A504281EFF7CC800897085 /* ActionViewController.swift */; };
		C5A5042C1EFF7CC800897085 /* MainInterface.storyboard in Resources */ = {isa = PBXBuildFile; fileRef = C5A5042A1EFF7CC800897085 /* MainInterface.storyboard */; };
		C5A504301EFF7CC800897085 /* Extension.appex in Embed App Extensions */ = {isa = PBXBuildFile; fileRef = C5A504261EFF7CC800897085 /* Extension.appex */; settings = {ATTRIBUTES = (RemoveHeadersOnCopy, ); }; };
		C5A504351EFF7E7700897085 /* PlayerLayer.swift in Sources */ = {isa = PBXBuildFile; fileRef = C5A504341EFF7E7700897085 /* PlayerLayer.swift */; };
		C5A504361EFF7FFA00897085 /* PlayerLayer.swift in Sources */ = {isa = PBXBuildFile; fileRef = C5A504341EFF7E7700897085 /* PlayerLayer.swift */; };
		E93C5F54065134EB6D895E00 /* Pods_Spex.framework in Frameworks */ = {isa = PBXBuildFile; fileRef = CEB4D3B91EB14D9322ABC9DA /* Pods_Spex.framework */; };
		F818ED300374B5E293E8AC18 /* Pods_Extension.framework in Frameworks */ = {isa = PBXBuildFile; fileRef = CDC5CFCE54537646B41094E8 /* Pods_Extension.framework */; };
/* End PBXBuildFile section */

/* Begin PBXContainerItemProxy section */
		C5A5042E1EFF7CC800897085 /* PBXContainerItemProxy */ = {
			isa = PBXContainerItemProxy;
			containerPortal = C5A503E41EFF5E4700897085 /* Project object */;
			proxyType = 1;
			remoteGlobalIDString = C5A504251EFF7CC800897085;
			remoteInfo = Extension;
		};
/* End PBXContainerItemProxy section */

/* Begin PBXCopyFilesBuildPhase section */
		C5A504211EFF7C2800897085 /* Embed App Extensions */ = {
			isa = PBXCopyFilesBuildPhase;
			buildActionMask = 2147483647;
			dstPath = "";
			dstSubfolderSpec = 13;
			files = (
				C5A504301EFF7CC800897085 /* Extension.appex in Embed App Extensions */,
			);
			name = "Embed App Extensions";
			runOnlyForDeploymentPostprocessing = 0;
		};
/* End PBXCopyFilesBuildPhase section */

/* Begin PBXFileReference section */
		0941897A12C1DCF636A22B90 /* Pods-Spex.debug.xcconfig */ = {isa = PBXFileReference; includeInIndex = 1; lastKnownFileType = text.xcconfig; name = "Pods-Spex.debug.xcconfig"; path = "Pods/Target Support Files/Pods-Spex/Pods-Spex.debug.xcconfig"; sourceTree = "<group>"; };
		398A6CB8AF58A687B4F3C5B3 /* Pods-Extension.release.xcconfig */ = {isa = PBXFileReference; includeInIndex = 1; lastKnownFileType = text.xcconfig; name = "Pods-Extension.release.xcconfig"; path = "Pods/Target Support Files/Pods-Extension/Pods-Extension.release.xcconfig"; sourceTree = "<group>"; };
		6FBA1C688CBA039B29157BA7 /* Pods-Spex.release.xcconfig */ = {isa = PBXFileReference; includeInIndex = 1; lastKnownFileType = text.xcconfig; name = "Pods-Spex.release.xcconfig"; path = "Pods/Target Support Files/Pods-Spex/Pods-Spex.release.xcconfig"; sourceTree = "<group>"; };
		716ACA96E12C4DC677395CE3 /* Pods-Extension.debug.xcconfig */ = {isa = PBXFileReference; includeInIndex = 1; lastKnownFileType = text.xcconfig; name = "Pods-Extension.debug.xcconfig"; path = "Pods/Target Support Files/Pods-Extension/Pods-Extension.debug.xcconfig"; sourceTree = "<group>"; };
		C569691A1EFF88DA00EE69E8 /* Assets.xcassets */ = {isa = PBXFileReference; lastKnownFileType = folder.assetcatalog; path = Assets.xcassets; sourceTree = "<group>"; };
		C5A503EC1EFF5E4700897085 /* Spex.app */ = {isa = PBXFileReference; explicitFileType = wrapper.application; includeInIndex = 0; path = Spex.app; sourceTree = BUILT_PRODUCTS_DIR; };
		C5A503EF1EFF5E4700897085 /* AppDelegate.swift */ = {isa = PBXFileReference; lastKnownFileType = sourcecode.swift; path = AppDelegate.swift; sourceTree = "<group>"; };
		C5A503F11EFF5E4700897085 /* ViewController.swift */ = {isa = PBXFileReference; lastKnownFileType = sourcecode.swift; path = ViewController.swift; sourceTree = "<group>"; };
		C5A503F41EFF5E4700897085 /* Base */ = {isa = PBXFileReference; lastKnownFileType = file.storyboard; name = Base; path = Base.lproj/Main.storyboard; sourceTree = "<group>"; };
		C5A503F61EFF5E4700897085 /* Assets.xcassets */ = {isa = PBXFileReference; lastKnownFileType = folder.assetcatalog; path = Assets.xcassets; sourceTree = "<group>"; };
		C5A503F91EFF5E4700897085 /* Base */ = {isa = PBXFileReference; lastKnownFileType = file.storyboard; name = Base; path = Base.lproj/LaunchScreen.storyboard; sourceTree = "<group>"; };
		C5A503FB1EFF5E4700897085 /* Info.plist */ = {isa = PBXFileReference; lastKnownFileType = text.plist.xml; path = Info.plist; sourceTree = "<group>"; };
		C5A504011EFF5F3C00897085 /* spectacles-1.mp4 */ = {isa = PBXFileReference; lastKnownFileType = file; path = "spectacles-1.mp4"; sourceTree = "<group>"; };
		C5A504261EFF7CC800897085 /* Extension.appex */ = {isa = PBXFileReference; explicitFileType = "wrapper.app-extension"; includeInIndex = 0; path = Extension.appex; sourceTree = BUILT_PRODUCTS_DIR; };
		C5A504281EFF7CC800897085 /* ActionViewController.swift */ = {isa = PBXFileReference; lastKnownFileType = sourcecode.swift; path = ActionViewController.swift; sourceTree = "<group>"; };
		C5A5042B1EFF7CC800897085 /* Base */ = {isa = PBXFileReference; lastKnownFileType = file.storyboard; name = Base; path = Base.lproj/MainInterface.storyboard; sourceTree = "<group>"; };
		C5A5042D1EFF7CC800897085 /* Info.plist */ = {isa = PBXFileReference; lastKnownFileType = text.plist.xml; path = Info.plist; sourceTree = "<group>"; };
		C5A504341EFF7E7700897085 /* PlayerLayer.swift */ = {isa = PBXFileReference; fileEncoding = 4; lastKnownFileType = sourcecode.swift; path = PlayerLayer.swift; sourceTree = "<group>"; };
		CDC5CFCE54537646B41094E8 /* Pods_Extension.framework */ = {isa = PBXFileReference; explicitFileType = wrapper.framework; includeInIndex = 0; path = Pods_Extension.framework; sourceTree = BUILT_PRODUCTS_DIR; };
		CEB4D3B91EB14D9322ABC9DA /* Pods_Spex.framework */ = {isa = PBXFileReference; explicitFileType = wrapper.framework; includeInIndex = 0; path = Pods_Spex.framework; sourceTree = BUILT_PRODUCTS_DIR; };
/* End PBXFileReference section */

/* Begin PBXFrameworksBuildPhase section */
		C5A503E91EFF5E4700897085 /* Frameworks */ = {
			isa = PBXFrameworksBuildPhase;
			buildActionMask = 2147483647;
			files = (
				E93C5F54065134EB6D895E00 /* Pods_Spex.framework in Frameworks */,
			);
			runOnlyForDeploymentPostprocessing = 0;
		};
		C5A504231EFF7CC800897085 /* Frameworks */ = {
			isa = PBXFrameworksBuildPhase;
			buildActionMask = 2147483647;
			files = (
				F818ED300374B5E293E8AC18 /* Pods_Extension.framework in Frameworks */,
			);
			runOnlyForDeploymentPostprocessing = 0;
		};
/* End PBXFrameworksBuildPhase section */

/* Begin PBXGroup section */
		60DE4D774A92428EC85458B6 /* Frameworks */ = {
			isa = PBXGroup;
			children = (
				CEB4D3B91EB14D9322ABC9DA /* Pods_Spex.framework */,
				CDC5CFCE54537646B41094E8 /* Pods_Extension.framework */,
			);
			name = Frameworks;
			sourceTree = "<group>";
		};
		C531FCA5F91D09F87E9A54B7 /* Pods */ = {
			isa = PBXGroup;
			children = (
				0941897A12C1DCF636A22B90 /* Pods-Spex.debug.xcconfig */,
				6FBA1C688CBA039B29157BA7 /* Pods-Spex.release.xcconfig */,
				716ACA96E12C4DC677395CE3 /* Pods-Extension.debug.xcconfig */,
				398A6CB8AF58A687B4F3C5B3 /* Pods-Extension.release.xcconfig */,
			);
			name = Pods;
			sourceTree = "<group>";
		};
		C5A503E31EFF5E4700897085 = {
			isa = PBXGroup;
			children = (
				C5A503EE1EFF5E4700897085 /* Spex */,
				C5A504271EFF7CC800897085 /* Extension */,
				C5A503ED1EFF5E4700897085 /* Products */,
				C531FCA5F91D09F87E9A54B7 /* Pods */,
				60DE4D774A92428EC85458B6 /* Frameworks */,
			);
			sourceTree = "<group>";
		};
		C5A503ED1EFF5E4700897085 /* Products */ = {
			isa = PBXGroup;
			children = (
				C5A503EC1EFF5E4700897085 /* Spex.app */,
				C5A504261EFF7CC800897085 /* Extension.appex */,
			);
			name = Products;
			sourceTree = "<group>";
		};
		C5A503EE1EFF5E4700897085 /* Spex */ = {
			isa = PBXGroup;
			children = (
				C5A504011EFF5F3C00897085 /* spectacles-1.mp4 */,
				C5A503EF1EFF5E4700897085 /* AppDelegate.swift */,
				C5A503F11EFF5E4700897085 /* ViewController.swift */,
				C5A504341EFF7E7700897085 /* PlayerLayer.swift */,
				C5A503F31EFF5E4700897085 /* Main.storyboard */,
				C5A503F61EFF5E4700897085 /* Assets.xcassets */,
				C5A503F81EFF5E4700897085 /* LaunchScreen.storyboard */,
				C5A503FB1EFF5E4700897085 /* Info.plist */,
			);
			path = Spex;
			sourceTree = "<group>";
		};
		C5A504271EFF7CC800897085 /* Extension */ = {
			isa = PBXGroup;
			children = (
				C5A504281EFF7CC800897085 /* ActionViewController.swift */,
				C569691A1EFF88DA00EE69E8 /* Assets.xcassets */,
				C5A5042A1EFF7CC800897085 /* MainInterface.storyboard */,
				C5A5042D1EFF7CC800897085 /* Info.plist */,
			);
			path = Extension;
			sourceTree = "<group>";
		};
/* End PBXGroup section */

/* Begin PBXNativeTarget section */
		C5A503EB1EFF5E4700897085 /* Spex */ = {
			isa = PBXNativeTarget;
			buildConfigurationList = C5A503FE1EFF5E4700897085 /* Build configuration list for PBXNativeTarget "Spex" */;
			buildPhases = (
				C32643EE1934E60D460F5EE7 /* [CP] Check Pods Manifest.lock */,
				C5A503E81EFF5E4700897085 /* Sources */,
				C5A503E91EFF5E4700897085 /* Frameworks */,
				C5A503EA1EFF5E4700897085 /* Resources */,
				EAFC8DC7FE8F4C1CC7F6C672 /* [CP] Embed Pods Frameworks */,
				DF8E04E74B2B6FCC5217B894 /* [CP] Copy Pods Resources */,
				C5A504211EFF7C2800897085 /* Embed App Extensions */,
			);
			buildRules = (
			);
			dependencies = (
				C5A5042F1EFF7CC800897085 /* PBXTargetDependency */,
			);
			name = Spex;
			productName = Spex;
			productReference = C5A503EC1EFF5E4700897085 /* Spex.app */;
			productType = "com.apple.product-type.application";
		};
		C5A504251EFF7CC800897085 /* Extension */ = {
			isa = PBXNativeTarget;
			buildConfigurationList = C5A504311EFF7CC800897085 /* Build configuration list for PBXNativeTarget "Extension" */;
			buildPhases = (
				DD570E4840368DCCF35E85C8 /* [CP] Check Pods Manifest.lock */,
				C5A504221EFF7CC800897085 /* Sources */,
				C5A504231EFF7CC800897085 /* Frameworks */,
				C5A504241EFF7CC800897085 /* Resources */,
				2B1394200AB6A5E88816FE13 /* [CP] Copy Pods Resources */,
			);
			buildRules = (
			);
			dependencies = (
			);
			name = Extension;
			productName = Extension;
			productReference = C5A504261EFF7CC800897085 /* Extension.appex */;
			productType = "com.apple.product-type.app-extension";
		};
/* End PBXNativeTarget section */

/* Begin PBXProject section */
		C5A503E41EFF5E4700897085 /* Project object */ = {
			isa = PBXProject;
			attributes = {
				LastSwiftUpdateCheck = 0830;
				LastUpgradeCheck = 0830;
				ORGANIZATIONNAME = "Finn Gaida";
				TargetAttributes = {
					C5A503EB1EFF5E4700897085 = {
						CreatedOnToolsVersion = 8.3.2;
						DevelopmentTeam = PTHJ3DNH6P;
						ProvisioningStyle = Automatic;
					};
					C5A504251EFF7CC800897085 = {
						CreatedOnToolsVersion = 8.3.2;
						DevelopmentTeam = PTHJ3DNH6P;
						ProvisioningStyle = Automatic;
					};
				};
			};
			buildConfigurationList = C5A503E71EFF5E4700897085 /* Build configuration list for PBXProject "Spex" */;
			compatibilityVersion = "Xcode 3.2";
			developmentRegion = English;
			hasScannedForEncodings = 0;
			knownRegions = (
				en,
				Base,
			);
			mainGroup = C5A503E31EFF5E4700897085;
			productRefGroup = C5A503ED1EFF5E4700897085 /* Products */;
			projectDirPath = "";
			projectRoot = "";
			targets = (
				C5A503EB1EFF5E4700897085 /* Spex */,
				C5A504251EFF7CC800897085 /* Extension */,
			);
		};
/* End PBXProject section */

/* Begin PBXResourcesBuildPhase section */
		C5A503EA1EFF5E4700897085 /* Resources */ = {
			isa = PBXResourcesBuildPhase;
			buildActionMask = 2147483647;
			files = (
				C5A504021EFF5F3C00897085 /* spectacles-1.mp4 in Resources */,
				C5A503FA1EFF5E4700897085 /* LaunchScreen.storyboard in Resources */,
				C5A503F71EFF5E4700897085 /* Assets.xcassets in Resources */,
				C5A503F51EFF5E4700897085 /* Main.storyboard in Resources */,
			);
			runOnlyForDeploymentPostprocessing = 0;
		};
		C5A504241EFF7CC800897085 /* Resources */ = {
			isa = PBXResourcesBuildPhase;
			buildActionMask = 2147483647;
			files = (
				C569691B1EFF88DA00EE69E8 /* Assets.xcassets in Resources */,
				C5A5042C1EFF7CC800897085 /* MainInterface.storyboard in Resources */,
			);
			runOnlyForDeploymentPostprocessing = 0;
		};
/* End PBXResourcesBuildPhase section */

/* Begin PBXShellScriptBuildPhase section */
		2B1394200AB6A5E88816FE13 /* [CP] Copy Pods Resources */ = {
			isa = PBXShellScriptBuildPhase;
			buildActionMask = 2147483647;
			files = (
			);
			inputPaths = (
			);
			name = "[CP] Copy Pods Resources";
			outputPaths = (
			);
			runOnlyForDeploymentPostprocessing = 0;
			shellPath = /bin/sh;
			shellScript = "\"${SRCROOT}/Pods/Target Support Files/Pods-Extension/Pods-Extension-resources.sh\"\n";
			showEnvVarsInLog = 0;
		};
		C32643EE1934E60D460F5EE7 /* [CP] Check Pods Manifest.lock */ = {
			isa = PBXShellScriptBuildPhase;
			buildActionMask = 2147483647;
			files = (
			);
			inputPaths = (
			);
			name = "[CP] Check Pods Manifest.lock";
			outputPaths = (
			);
			runOnlyForDeploymentPostprocessing = 0;
			shellPath = /bin/sh;
			shellScript = "diff \"${PODS_ROOT}/../Podfile.lock\" \"${PODS_ROOT}/Manifest.lock\" > /dev/null\nif [ $? != 0 ] ; then\n    # print error to STDERR\n    echo \"error: The sandbox is not in sync with the Podfile.lock. Run 'pod install' or update your CocoaPods installation.\" >&2\n    exit 1\nfi\n";
			showEnvVarsInLog = 0;
		};
		DD570E4840368DCCF35E85C8 /* [CP] Check Pods Manifest.lock */ = {
			isa = PBXShellScriptBuildPhase;
			buildActionMask = 2147483647;
			files = (
			);
			inputPaths = (
			);
			name = "[CP] Check Pods Manifest.lock";
			outputPaths = (
			);
			runOnlyForDeploymentPostprocessing = 0;
			shellPath = /bin/sh;
			shellScript = "diff \"${PODS_ROOT}/../Podfile.lock\" \"${PODS_ROOT}/Manifest.lock\" > /dev/null\nif [ $? != 0 ] ; then\n    # print error to STDERR\n    echo \"error: The sandbox is not in sync with the Podfile.lock. Run 'pod install' or update your CocoaPods installation.\" >&2\n    exit 1\nfi\n";
			showEnvVarsInLog = 0;
		};
		DF8E04E74B2B6FCC5217B894 /* [CP] Copy Pods Resources */ = {
			isa = PBXShellScriptBuildPhase;
			buildActionMask = 2147483647;
			files = (
			);
			inputPaths = (
			);
			name = "[CP] Copy Pods Resources";
			outputPaths = (
			);
			runOnlyForDeploymentPostprocessing = 0;
			shellPath = /bin/sh;
			shellScript = "\"${SRCROOT}/Pods/Target Support Files/Pods-Spex/Pods-Spex-resources.sh\"\n";
			showEnvVarsInLog = 0;
		};
		EAFC8DC7FE8F4C1CC7F6C672 /* [CP] Embed Pods Frameworks */ = {
			isa = PBXShellScriptBuildPhase;
			buildActionMask = 2147483647;
			files = (
			);
			inputPaths = (
			);
			name = "[CP] Embed Pods Frameworks";
			outputPaths = (
			);
			runOnlyForDeploymentPostprocessing = 0;
			shellPath = /bin/sh;
			shellScript = "\"${SRCROOT}/Pods/Target Support Files/Pods-Spex/Pods-Spex-frameworks.sh\"\n";
			showEnvVarsInLog = 0;
		};
/* End PBXShellScriptBuildPhase section */

/* Begin PBXSourcesBuildPhase section */
		C5A503E81EFF5E4700897085 /* Sources */ = {
			isa = PBXSourcesBuildPhase;
			buildActionMask = 2147483647;
			files = (
				C5A503F21EFF5E4700897085 /* ViewController.swift in Sources */,
				C5A504351EFF7E7700897085 /* PlayerLayer.swift in Sources */,
				C5A503F01EFF5E4700897085 /* AppDelegate.swift in Sources */,
			);
			runOnlyForDeploymentPostprocessing = 0;
		};
		C5A504221EFF7CC800897085 /* Sources */ = {
			isa = PBXSourcesBuildPhase;
			buildActionMask = 2147483647;
			files = (
				C5A504361EFF7FFA00897085 /* PlayerLayer.swift in Sources */,
				C5A504291EFF7CC800897085 /* ActionViewController.swift in Sources */,
			);
			runOnlyForDeploymentPostprocessing = 0;
		};
/* End PBXSourcesBuildPhase section */

/* Begin PBXTargetDependency section */
		C5A5042F1EFF7CC800897085 /* PBXTargetDependency */ = {
			isa = PBXTargetDependency;
			target = C5A504251EFF7CC800897085 /* Extension */;
			targetProxy = C5A5042E1EFF7CC800897085 /* PBXContainerItemProxy */;
		};
/* End PBXTargetDependency section */

/* Begin PBXVariantGroup section */
		C5A503F31EFF5E4700897085 /* Main.storyboard */ = {
			isa = PBXVariantGroup;
			children = (
				C5A503F41EFF5E4700897085 /* Base */,
			);
			name = Main.storyboard;
			sourceTree = "<group>";
		};
		C5A503F81EFF5E4700897085 /* LaunchScreen.storyboard */ = {
			isa = PBXVariantGroup;
			children = (
				C5A503F91EFF5E4700897085 /* Base */,
			);
			name = LaunchScreen.storyboard;
			sourceTree = "<group>";
		};
		C5A5042A1EFF7CC800897085 /* MainInterface.storyboard */ = {
			isa = PBXVariantGroup;
			children = (
				C5A5042B1EFF7CC800897085 /* Base */,
			);
			name = MainInterface.storyboard;
			sourceTree = "<group>";
		};
/* End PBXVariantGroup section */

/* Begin XCBuildConfiguration section */
		C5A503FC1EFF5E4700897085 /* Debug */ = {
			isa = XCBuildConfiguration;
			buildSettings = {
				ALWAYS_SEARCH_USER_PATHS = NO;
				CLANG_ANALYZER_NONNULL = YES;
				CLANG_ANALYZER_NUMBER_OBJECT_CONVERSION = YES_AGGRESSIVE;
				CLANG_CXX_LANGUAGE_STANDARD = "gnu++0x";
				CLANG_CXX_LIBRARY = "libc++";
				CLANG_ENABLE_MODULES = YES;
				CLANG_ENABLE_OBJC_ARC = YES;
				CLANG_WARN_BOOL_CONVERSION = YES;
				CLANG_WARN_CONSTANT_CONVERSION = YES;
				CLANG_WARN_DIRECT_OBJC_ISA_USAGE = YES_ERROR;
				CLANG_WARN_DOCUMENTATION_COMMENTS = YES;
				CLANG_WARN_EMPTY_BODY = YES;
				CLANG_WARN_ENUM_CONVERSION = YES;
				CLANG_WARN_INFINITE_RECURSION = YES;
				CLANG_WARN_INT_CONVERSION = YES;
				CLANG_WARN_OBJC_ROOT_CLASS = YES_ERROR;
				CLANG_WARN_SUSPICIOUS_MOVE = YES;
				CLANG_WARN_UNREACHABLE_CODE = YES;
				CLANG_WARN__DUPLICATE_METHOD_MATCH = YES;
				"CODE_SIGN_IDENTITY[sdk=iphoneos*]" = "iPhone Developer";
				COPY_PHASE_STRIP = NO;
				DEBUG_INFORMATION_FORMAT = dwarf;
				ENABLE_STRICT_OBJC_MSGSEND = YES;
				ENABLE_TESTABILITY = YES;
				GCC_C_LANGUAGE_STANDARD = gnu99;
				GCC_DYNAMIC_NO_PIC = NO;
				GCC_NO_COMMON_BLOCKS = YES;
				GCC_OPTIMIZATION_LEVEL = 0;
				GCC_PREPROCESSOR_DEFINITIONS = (
					"DEBUG=1",
					"$(inherited)",
				);
				GCC_WARN_64_TO_32_BIT_CONVERSION = YES;
				GCC_WARN_ABOUT_RETURN_TYPE = YES_ERROR;
				GCC_WARN_UNDECLARED_SELECTOR = YES;
				GCC_WARN_UNINITIALIZED_AUTOS = YES_AGGRESSIVE;
				GCC_WARN_UNUSED_FUNCTION = YES;
				GCC_WARN_UNUSED_VARIABLE = YES;
				IPHONEOS_DEPLOYMENT_TARGET = 10.3;
				MTL_ENABLE_DEBUG_INFO = YES;
				ONLY_ACTIVE_ARCH = YES;
				SDKROOT = iphoneos;
				SWIFT_ACTIVE_COMPILATION_CONDITIONS = DEBUG;
				SWIFT_OPTIMIZATION_LEVEL = "-Onone";
			};
			name = Debug;
		};
		C5A503FD1EFF5E4700897085 /* Release */ = {
			isa = XCBuildConfiguration;
			buildSettings = {
				ALWAYS_SEARCH_USER_PATHS = NO;
				CLANG_ANALYZER_NONNULL = YES;
				CLANG_ANALYZER_NUMBER_OBJECT_CONVERSION = YES_AGGRESSIVE;
				CLANG_CXX_LANGUAGE_STANDARD = "gnu++0x";
				CLANG_CXX_LIBRARY = "libc++";
				CLANG_ENABLE_MODULES = YES;
				CLANG_ENABLE_OBJC_ARC = YES;
				CLANG_WARN_BOOL_CONVERSION = YES;
				CLANG_WARN_CONSTANT_CONVERSION = YES;
				CLANG_WARN_DIRECT_OBJC_ISA_USAGE = YES_ERROR;
				CLANG_WARN_DOCUMENTATION_COMMENTS = YES;
				CLANG_WARN_EMPTY_BODY = YES;
				CLANG_WARN_ENUM_CONVERSION = YES;
				CLANG_WARN_INFINITE_RECURSION = YES;
				CLANG_WARN_INT_CONVERSION = YES;
				CLANG_WARN_OBJC_ROOT_CLASS = YES_ERROR;
				CLANG_WARN_SUSPICIOUS_MOVE = YES;
				CLANG_WARN_UNREACHABLE_CODE = YES;
				CLANG_WARN__DUPLICATE_METHOD_MATCH = YES;
				"CODE_SIGN_IDENTITY[sdk=iphoneos*]" = "iPhone Developer";
				COPY_PHASE_STRIP = NO;
				DEBUG_INFORMATION_FORMAT = "dwarf-with-dsym";
				ENABLE_NS_ASSERTIONS = NO;
				ENABLE_STRICT_OBJC_MSGSEND = YES;
				GCC_C_LANGUAGE_STANDARD = gnu99;
				GCC_NO_COMMON_BLOCKS = YES;
				GCC_WARN_64_TO_32_BIT_CONVERSION = YES;
				GCC_WARN_ABOUT_RETURN_TYPE = YES_ERROR;
				GCC_WARN_UNDECLARED_SELECTOR = YES;
				GCC_WARN_UNINITIALIZED_AUTOS = YES_AGGRESSIVE;
				GCC_WARN_UNUSED_FUNCTION = YES;
				GCC_WARN_UNUSED_VARIABLE = YES;
				IPHONEOS_DEPLOYMENT_TARGET = 10.3;
				MTL_ENABLE_DEBUG_INFO = NO;
				SDKROOT = iphoneos;
				SWIFT_OPTIMIZATION_LEVEL = "-Owholemodule";
				VALIDATE_PRODUCT = YES;
			};
			name = Release;
		};
		C5A503FF1EFF5E4700897085 /* Debug */ = {
			isa = XCBuildConfiguration;
			baseConfigurationReference = 0941897A12C1DCF636A22B90 /* Pods-Spex.debug.xcconfig */;
			buildSettings = {
				ALWAYS_EMBED_SWIFT_STANDARD_LIBRARIES = YES;
				ASSETCATALOG_COMPILER_APPICON_NAME = AppIcon;
				DEVELOPMENT_TEAM = PTHJ3DNH6P;
				INFOPLIST_FILE = Spex/Info.plist;
				LD_RUNPATH_SEARCH_PATHS = "$(inherited) @executable_path/Frameworks";
				PRODUCT_BUNDLE_IDENTIFIER = de.finngaida.Spex;
				PRODUCT_NAME = "$(TARGET_NAME)";
				SWIFT_VERSION = 3.0;
			};
			name = Debug;
		};
		C5A504001EFF5E4700897085 /* Release */ = {
			isa = XCBuildConfiguration;
			baseConfigurationReference = 6FBA1C688CBA039B29157BA7 /* Pods-Spex.release.xcconfig */;
			buildSettings = {
				ALWAYS_EMBED_SWIFT_STANDARD_LIBRARIES = YES;
				ASSETCATALOG_COMPILER_APPICON_NAME = AppIcon;
				DEVELOPMENT_TEAM = PTHJ3DNH6P;
				INFOPLIST_FILE = Spex/Info.plist;
				LD_RUNPATH_SEARCH_PATHS = "$(inherited) @executable_path/Frameworks";
				PRODUCT_BUNDLE_IDENTIFIER = de.finngaida.Spex;
				PRODUCT_NAME = "$(TARGET_NAME)";
				SWIFT_VERSION = 3.0;
			};
			name = Release;
		};
		C5A504321EFF7CC800897085 /* Debug */ = {
			isa = XCBuildConfiguration;
			baseConfigurationReference = 716ACA96E12C4DC677395CE3 /* Pods-Extension.debug.xcconfig */;
			buildSettings = {
				DEVELOPMENT_TEAM = PTHJ3DNH6P;
				INFOPLIST_FILE = Extension/Info.plist;
				LD_RUNPATH_SEARCH_PATHS = "$(inherited) @executable_path/Frameworks @executable_path/../../Frameworks";
				PRODUCT_BUNDLE_IDENTIFIER = de.finngaida.Spex.Extension;
				PRODUCT_NAME = "$(TARGET_NAME)";
				SKIP_INSTALL = YES;
				SWIFT_VERSION = 3.0;
			};
			name = Debug;
		};
		C5A504331EFF7CC800897085 /* Release */ = {
			isa = XCBuildConfiguration;
			baseConfigurationReference = 398A6CB8AF58A687B4F3C5B3 /* Pods-Extension.release.xcconfig */;
			buildSettings = {
				DEVELOPMENT_TEAM = PTHJ3DNH6P;
				INFOPLIST_FILE = Extension/Info.plist;
				LD_RUNPATH_SEARCH_PATHS = "$(inherited) @executable_path/Frameworks @executable_path/../../Frameworks";
				PRODUCT_BUNDLE_IDENTIFIER = de.finngaida.Spex.Extension;
				PRODUCT_NAME = "$(TARGET_NAME)";
				SKIP_INSTALL = YES;
				SWIFT_VERSION = 3.0;
			};
			name = Release;
		};
/* End XCBuildConfiguration section */

/* Begin XCConfigurationList section */
		C5A503E71EFF5E4700897085 /* Build configuration list for PBXProject "Spex" */ = {
			isa = XCConfigurationList;
			buildConfigurations = (
				C5A503FC1EFF5E4700897085 /* Debug */,
				C5A503FD1EFF5E4700897085 /* Release */,
			);
			defaultConfigurationIsVisible = 0;
			defaultConfigurationName = Release;
		};
		C5A503FE1EFF5E4700897085 /* Build configuration list for PBXNativeTarget "Spex" */ = {
			isa = XCConfigurationList;
			buildConfigurations = (
				C5A503FF1EFF5E4700897085 /* Debug */,
				C5A504001EFF5E4700897085 /* Release */,
			);
			defaultConfigurationIsVisible = 0;
			defaultConfigurationName = Release;
		};
		C5A504311EFF7CC800897085 /* Build configuration list for PBXNativeTarget "Extension" */ = {
			isa = XCConfigurationList;
			buildConfigurations = (
				C5A504321EFF7CC800897085 /* Debug */,
				C5A504331EFF7CC800897085 /* Release */,
			);
			defaultConfigurationIsVisible = 0;
			defaultConfigurationName = Release;
		};
/* End XCConfigurationList section */
	};
	rootObject = C5A503E41EFF5E4700897085 /* Project object */;
}
